
Microsoft Visual Studio Solution File, Format Version 12.00
# Visual Studio Version 16
VisualStudioVersion = 16.0.31205.134
MinimumVisualStudioVersion = 10.0.40219.1
Project("{FAE04EC0-301F-11D3-BF4B-00C04F79EFBC}") = "Hotel_Administration2.0", "Hotel_Administration2.0\Hotel_Administration2.0.csproj", "{0C013D63-CE7F-48FB-8985-B5DF97EFF877}"
EndProject
Global
	GlobalSection(SolutionConfigurationPlatforms) = preSolution
		Debug|Any CPU = Debug|Any CPU
		Release|Any CPU = Release|Any CPU
	EndGlobalSection
	GlobalSection(ProjectConfigurationPlatforms) = postSolution
		{0C013D63-CE7F-48FB-8985-B5DF97EFF877}.Debug|Any CPU.ActiveCfg = Debug|Any CPU
		{0C013D63-CE7F-48FB-8985-B5DF97EFF877}.Debug|Any CPU.Build.0 = Debug|Any CPU
		{0C013D63-CE7F-48FB-8985-B5DF97EFF877}.Release|Any CPU.ActiveCfg = Release|Any CPU
		{0C013D63-CE7F-48FB-8985-B5DF97EFF877}.Release|Any CPU.Build.0 = Release|Any CPU
	EndGlobalSection
	GlobalSection(SolutionProperties) = preSolution
		HideSolutionNode = FALSE
	EndGlobalSection
	GlobalSection(ExtensibilityGlobals) = postSolution
		SolutionGuid = {AF2599A5-8BAF-4399-AEC4-C04A7F330730}
	EndGlobalSection
EndGlobal
